
Microsoft Visual Studio Solution File, Format Version 12.00
# Visual Studio Version 17
VisualStudioVersion = 17.1.32210.238
MinimumVisualStudioVersion = 10.0.40219.1
Project("{FAE04EC0-301F-11D3-BF4B-00C04F79EFBC}") = "MvcProje", "MvcProje\MvcProje.csproj", "{AB60678A-6551-4A2A-B0E5-716F68AAA964}"
EndProject
Project("{FAE04EC0-301F-11D3-BF4B-00C04F79EFBC}") = "EntityLayer", "EntityLayer\EntityLayer.csproj", "{80911149-3BE2-4DA5-9E37-1D04026D215F}"
EndProject
Project("{FAE04EC0-301F-11D3-BF4B-00C04F79EFBC}") = "DataAccessLayer", "DataAccessLayer\DataAccessLayer.csproj", "{3527CD3E-84EB-458A-BA4B-AB6831662A74}"
EndProject
Project("{FAE04EC0-301F-11D3-BF4B-00C04F79EFBC}") = "BusinessLayer", "BusinessLayer\BusinessLayer.csproj", "{C68A0E60-6101-4D70-A502-68AADA011571}"
EndProject
Global
	GlobalSection(SolutionConfigurationPlatforms) = preSolution
		Debug|Any CPU = Debug|Any CPU
		Release|Any CPU = Release|Any CPU
	EndGlobalSection
	GlobalSection(ProjectConfigurationPlatforms) = postSolution
		{AB60678A-6551-4A2A-B0E5-716F68AAA964}.Debug|Any CPU.ActiveCfg = Debug|Any CPU
		{AB60678A-6551-4A2A-B0E5-716F68AAA964}.Debug|Any CPU.Build.0 = Debug|Any CPU
		{AB60678A-6551-4A2A-B0E5-716F68AAA964}.Release|Any CPU.ActiveCfg = Release|Any CPU
		{AB60678A-6551-4A2A-B0E5-716F68AAA964}.Release|Any CPU.Build.0 = Release|Any CPU
		{80911149-3BE2-4DA5-9E37-1D04026D215F}.Debug|Any CPU.ActiveCfg = Debug|Any CPU
		{80911149-3BE2-4DA5-9E37-1D04026D215F}.Debug|Any CPU.Build.0 = Debug|Any CPU
		{80911149-3BE2-4DA5-9E37-1D04026D215F}.Release|Any CPU.ActiveCfg = Release|Any CPU
		{80911149-3BE2-4DA5-9E37-1D04026D215F}.Release|Any CPU.Build.0 = Release|Any CPU
		{3527CD3E-84EB-458A-BA4B-AB6831662A74}.Debug|Any CPU.ActiveCfg = Debug|Any CPU
		{3527CD3E-84EB-458A-BA4B-AB6831662A74}.Debug|Any CPU.Build.0 = Debug|Any CPU
		{3527CD3E-84EB-458A-BA4B-AB6831662A74}.Release|Any CPU.ActiveCfg = Release|Any CPU
		{3527CD3E-84EB-458A-BA4B-AB6831662A74}.Release|Any CPU.Build.0 = Release|Any CPU
		{C68A0E60-6101-4D70-A502-68AADA011571}.Debug|Any CPU.ActiveCfg = Debug|Any CPU
		{C68A0E60-6101-4D70-A502-68AADA011571}.Debug|Any CPU.Build.0 = Debug|Any CPU
		{C68A0E60-6101-4D70-A502-68AADA011571}.Release|Any CPU.ActiveCfg = Release|Any CPU
		{C68A0E60-6101-4D70-A502-68AADA011571}.Release|Any CPU.Build.0 = Release|Any CPU
	EndGlobalSection
	GlobalSection(SolutionProperties) = preSolution
		HideSolutionNode = FALSE
	EndGlobalSection
	GlobalSection(ExtensibilityGlobals) = postSolution
		SolutionGuid = {604AB0E9-6C55-4375-8E38-C27124A5613B}
	EndGlobalSection
EndGlobal
